# This file is automatically @generated by Cargo.
# It is not intended for manual editing.
version = 4

[[package]]
name = "tessera-arch-conformance"
version = "0.0.1"
dependencies = [
 "tessera-karch",
 "tessera-kcore",
]

[[package]]
name = "tessera-checks"
version = "0.0.1"
dependencies = [
 "tessera-hash",
]

[[package]]
name = "tessera-devicetree"
version = "0.0.1"
dependencies = [
 "tessera-karch",
]

[[package]]
name = "tessera-firmware"
version = "0.0.1"

[[package]]
name = "tessera-hash"
version = "0.0.1"

[[package]]
name = "tessera-image-store"
version = "0.0.1"
dependencies = [
 "tessera-hash",
 "tessera-isl",
 "tessera-isl-runtime",
]

[[package]]
name = "tessera-isl"
version = "0.0.1"
dependencies = [
 "tessera-hash",
]

[[package]]
name = "tessera-isl-runtime"
version = "0.0.1"

[[package]]
name = "tessera-karch"
version = "0.0.1"

[[package]]
name = "tessera-karch-aarch64"
version = "0.0.1"
dependencies = [
 "tessera-karch",
 "tessera-karch-arm-common",
]

[[package]]
name = "tessera-karch-arm-common"
version = "0.0.1"
dependencies = [
 "tessera-karch",
]

[[package]]
name = "tessera-karch-arm32"
version = "0.0.1"
dependencies = [
 "tessera-karch",
 "tessera-karch-arm-common",
]

[[package]]
name = "tessera-karch-mock"
version = "0.0.1"
dependencies = [
 "tessera-karch",
]

[[package]]
name = "tessera-karch-riscv-common"
version = "0.0.1"
dependencies = [
 "tessera-karch",
]

[[package]]
name = "tessera-karch-riscv32"
version = "0.0.1"
dependencies = [
 "tessera-karch",
 "tessera-karch-riscv-common",
]

[[package]]
name = "tessera-karch-riscv64"
version = "0.0.1"
dependencies = [
 "tessera-karch",
 "tessera-karch-riscv-common",
]

[[package]]
name = "tessera-karch-x86_64"
version = "0.0.1"
dependencies = [
 "tessera-karch",
]

[[package]]
name = "tessera-kcore"
version = "0.0.1"
dependencies = [
 "tessera-firmware",
 "tessera-hash",
 "tessera-image-store",
 "tessera-isl",
 "tessera-isl-runtime",
 "tessera-karch",
 "tessera-karch-mock",
]

[[package]]
name = "tessera-kernel"
version = "0.0.1"
dependencies = [
 "tessera-arch-conformance",
 "tessera-isl-runtime",
 "tessera-karch",
 "tessera-karch-x86_64",
 "tessera-kcore",
]

[[package]]
name = "tessera-kernel-aarch64"
version = "0.0.1"
dependencies = [
 "tessera-arch-conformance",
 "tessera-devicetree",
 "tessera-firmware",
 "tessera-karch",
 "tessera-karch-aarch64",
 "tessera-kcore",
 "tessera-pci",
 "tessera-smmu",
 "tessera-virtio",
]

[[package]]
name = "tessera-kernel-arm32"
version = "0.0.1"
dependencies = [
 "tessera-arch-conformance",
 "tessera-devicetree",
 "tessera-karch",
 "tessera-karch-arm32",
 "tessera-kcore",
]

[[package]]
name = "tessera-kernel-riscv32"
version = "0.0.1"
dependencies = [
 "tessera-arch-conformance",
 "tessera-devicetree",
 "tessera-karch",
 "tessera-karch-riscv32",
 "tessera-kcore",
]

[[package]]
name = "tessera-kernel-riscv64"
version = "0.0.1"
dependencies = [
 "tessera-arch-conformance",
 "tessera-devicetree",
 "tessera-karch",
 "tessera-karch-riscv64",
 "tessera-kcore",
 "tessera-pci",
 "tessera-virtio",
]

[[package]]
name = "tessera-pci"
version = "0.0.1"

[[package]]
name = "tessera-smmu"
version = "0.0.1"

[[package]]
name = "tessera-virtio"
version = "0.0.1"

[[package]]
name = "tessera-width-conformance"
version = "0.0.1"
dependencies = [
 "tessera-arch-conformance",
 "tessera-devicetree",
 "tessera-isl-runtime",
 "tessera-karch",
 "tessera-kcore",
 "tessera-virtio",
]
